Microsoft Visual Studio Solution File, Format Version 12.00
# Visual Studio Version 17
VisualStudioVersion = 17.0.31903.59
MinimumVisualStudioVersion = 10.0.40219.1
Project("{FAE04EC0-301F-11D3-BF4B-00C04F79EFBC}") = "CydLAN.App", "CydLAN.App\CydLAN.App.csproj", "{B9B5C7F1-18DB-4F3B-93BE-C73F1E55A62A}"
EndProject
Project("{FAE04EC0-301F-11D3-BF4B-00C04F79EFBC}") = "CydLAN.Protocol", "CydLAN.Protocol\CydLAN.Protocol.csproj", "{6AC1CC54-06A7-4D1A-86CF-723CFB142603}"
EndProject
Global
	GlobalSection(SolutionConfigurationPlatforms) = preSolution
		Debug|x64 = Debug|x64
		Release|x64 = Release|x64
	EndGlobalSection
	GlobalSection(ProjectConfigurationPlatforms) = postSolution
		{B9B5C7F1-18DB-4F3B-93BE-C73F1E55A62A}.Debug|x64.ActiveCfg = Debug|x64
		{B9B5C7F1-18DB-4F3B-93BE-C73F1E55A62A}.Debug|x64.Build.0 = Debug|x64
		{B9B5C7F1-18DB-4F3B-93BE-C73F1E55A62A}.Release|x64.ActiveCfg = Release|x64
		{B9B5C7F1-18DB-4F3B-93BE-C73F1E55A62A}.Release|x64.Build.0 = Release|x64
		{6AC1CC54-06A7-4D1A-86CF-723CFB142603}.Debug|x64.ActiveCfg = Debug|Any CPU
		{6AC1CC54-06A7-4D1A-86CF-723CFB142603}.Debug|x64.Build.0 = Debug|Any CPU
		{6AC1CC54-06A7-4D1A-86CF-723CFB142603}.Release|x64.ActiveCfg = Release|Any CPU
		{6AC1CC54-06A7-4D1A-86CF-723CFB142603}.Release|x64.Build.0 = Release|Any CPU
	EndGlobalSection
EndGlobal
